# This file is automatically @generated by Poetry 2.1.1 and should not be changed by hand.

[[package]]
name = "pytz"
version = "2025.1"
description = "World timezone definitions, modern and historical"
optional = false
python-versions = "*"
groups = ["main"]
files = [
    {file = "pytz-2025.1-py2.py3-none-any.whl", hash = "sha256:89dd22dca55b46eac6eda23b2d72721bf1bdfef212645d81513ef5d03038de57"},
    {file = "pytz-2025.1.tar.gz", hash = "sha256:c2db42be2a2518b28e65f9207c4d05e6ff547d1efa4086469ef855e4ab70178e"},
]

[[package]]
name = "types-pytz"
version = "2025.1.0.20250318"
description = "Typing stubs for pytz"
optional = false
python-versions = ">=3.9"
groups = ["main"]
files = [
    {file = "types_pytz-2025.1.0.20250318-py3-none-any.whl", hash = "sha256:04dba4907c5415777083f9548693c6d9f80ec53adcaff55a38526a3f8ddcae04"},
    {file = "types_pytz-2025.1.0.20250318.tar.gz", hash = "sha256:97e0e35184c6fe14e3a5014512057f2c57bb0c6582d63c1cfcc4809f82180449"},
]

[metadata]
lock-version = "2.1"
python-versions = "^3.12"
content-hash = "3ecb28924dc4420444e296e884d734a6fcd8a21fd92869e480ccd14cbd706d7a"
