# This file is automatically @generated by Poetry 2.1.1 and should not be changed by hand.

[[package]]
name = "beautifulsoup4"
version = "4.13.3"
description = "Screen-scraping library"
optional = false
python-versions = ">=3.7.0"
groups = ["main"]
files = [
    {file = "beautifulsoup4-4.13.3-py3-none-any.whl", hash = "sha256:99045d7d3f08f91f0d656bc9b7efbae189426cd913d830294a15eefa0ea4df16"},
    {file = "beautifulsoup4-4.13.3.tar.gz", hash = "sha256:1bd32405dacc920b42b83ba01644747ed77456a65760e285fbc47633ceddaf8b"},
]

[package.dependencies]
soupsieve = ">1.2"
typing-extensions = ">=4.0.0"

[package.extras]
cchardet = ["cchardet"]
chardet = ["chardet"]
charset-normalizer = ["charset-normalizer"]
html5lib = ["html5lib"]
lxml = ["lxml"]

[[package]]
name = "bs4"
version = "0.0.2"
description = "Dummy package for Beautiful Soup (beautifulsoup4)"
optional = false
python-versions = "*"
groups = ["main"]
files = [
    {file = "bs4-0.0.2-py2.py3-none-any.whl", hash = "sha256:abf8742c0805ef7f662dce4b51cca104cffe52b835238afc169142ab9b3fbccc"},
    {file = "bs4-0.0.2.tar.gz", hash = "sha256:a48685c58f50fe127722417bae83fe6badf500d54b55f7e39ffe43b798653925"},
]

[package.dependencies]
beautifulsoup4 = "*"

[[package]]
name = "python-dateutil"
version = "2.9.0.post0"
description = "Extensions to the standard Python datetime module"
optional = false
python-versions = "!=3.0.*,!=3.1.*,!=3.2.*,>=2.7"
groups = ["main"]
files = [
    {file = "python-dateutil-2.9.0.post0.tar.gz", hash = "sha256:37dd54208da7e1cd875388217d5e00ebd4179249f90fb72437e91a35459a0ad3"},
    {file = "python_dateutil-2.9.0.post0-py2.py3-none-any.whl", hash = "sha256:a8b2bc7bffae282281c8140a97d3aa9c14da0b136dfe83f850eea9a5f7470427"},
]

[package.dependencies]
six = ">=1.5"

[[package]]
name = "pytz"
version = "2025.1"
description = "World timezone definitions, modern and historical"
optional = false
python-versions = "*"
groups = ["main"]
files = [
    {file = "pytz-2025.1-py2.py3-none-any.whl", hash = "sha256:89dd22dca55b46eac6eda23b2d72721bf1bdfef212645d81513ef5d03038de57"},
    {file = "pytz-2025.1.tar.gz", hash = "sha256:c2db42be2a2518b28e65f9207c4d05e6ff547d1efa4086469ef855e4ab70178e"},
]

[[package]]
name = "six"
version = "1.17.0"
description = "Python 2 and 3 compatibility utilities"
optional = false
python-versions = "!=3.0.*,!=3.1.*,!=3.2.*,>=2.7"
groups = ["main"]
files = [
    {file = "six-1.17.0-py2.py3-none-any.whl", hash = "sha256:4721f391ed90541fddacab5acf947aa0d3dc7d27b2e1e8eda2be8970586c3274"},
    {file = "six-1.17.0.tar.gz", hash = "sha256:ff70335d468e7eb6ec65b95b99d3a2836546063f63acc5171de367e834932a81"},
]

[[package]]
name = "soupsieve"
version = "2.6"
description = "A modern CSS selector implementation for Beautiful Soup."
optional = false
python-versions = ">=3.8"
groups = ["main"]
files = [
    {file = "soupsieve-2.6-py3-none-any.whl", hash = "sha256:e72c4ff06e4fb6e4b5a9f0f55fe6e81514581fca1515028625d0f299c602ccc9"},
    {file = "soupsieve-2.6.tar.gz", hash = "sha256:e2e68417777af359ec65daac1057404a3c8a5455bb8abc36f1a9866ab1a51abb"},
]

[[package]]
name = "types-python-dateutil"
version = "2.9.0.20241206"
description = "Typing stubs for python-dateutil"
optional = false
python-versions = ">=3.8"
groups = ["main"]
files = [
    {file = "types_python_dateutil-2.9.0.20241206-py3-none-any.whl", hash = "sha256:e248a4bc70a486d3e3ec84d0dc30eec3a5f979d6e7ee4123ae043eedbb987f53"},
    {file = "types_python_dateutil-2.9.0.20241206.tar.gz", hash = "sha256:18f493414c26ffba692a72369fea7a154c502646301ebfe3d56a04b3767284cb"},
]

[[package]]
name = "types-pytz"
version = "2025.1.0.20250318"
description = "Typing stubs for pytz"
optional = false
python-versions = ">=3.9"
groups = ["main"]
files = [
    {file = "types_pytz-2025.1.0.20250318-py3-none-any.whl", hash = "sha256:04dba4907c5415777083f9548693c6d9f80ec53adcaff55a38526a3f8ddcae04"},
    {file = "types_pytz-2025.1.0.20250318.tar.gz", hash = "sha256:97e0e35184c6fe14e3a5014512057f2c57bb0c6582d63c1cfcc4809f82180449"},
]

[[package]]
name = "types-requests"
version = "2.32.0.20250328"
description = "Typing stubs for requests"
optional = false
python-versions = ">=3.9"
groups = ["main"]
files = [
    {file = "types_requests-2.32.0.20250328-py3-none-any.whl", hash = "sha256:72ff80f84b15eb3aa7a8e2625fffb6a93f2ad5a0c20215fc1dcfa61117bcb2a2"},
    {file = "types_requests-2.32.0.20250328.tar.gz", hash = "sha256:c9e67228ea103bd811c96984fac36ed2ae8da87a36a633964a21f199d60baf32"},
]

[package.dependencies]
urllib3 = ">=2"

[[package]]
name = "typing-extensions"
version = "4.13.0"
description = "Backported and Experimental Type Hints for Python 3.8+"
optional = false
python-versions = ">=3.8"
groups = ["main"]
files = [
    {file = "typing_extensions-4.13.0-py3-none-any.whl", hash = "sha256:c8dd92cc0d6425a97c18fbb9d1954e5ff92c1ca881a309c45f06ebc0b79058e5"},
    {file = "typing_extensions-4.13.0.tar.gz", hash = "sha256:0a4ac55a5820789d87e297727d229866c9650f6521b64206413c4fbada24d95b"},
]

[[package]]
name = "urllib3"
version = "2.3.0"
description = "HTTP library with thread-safe connection pooling, file post, and more."
optional = false
python-versions = ">=3.9"
groups = ["main"]
files = [
    {file = "urllib3-2.3.0-py3-none-any.whl", hash = "sha256:1cee9ad369867bfdbbb48b7dd50374c0967a0bb7710050facf0dd6911440e3df"},
    {file = "urllib3-2.3.0.tar.gz", hash = "sha256:f8c5449b3cf0861679ce7e0503c7b44b5ec981bec0d1d3795a07f1ba96f0204d"},
]

[package.extras]
brotli = ["brotli (>=1.0.9) ; platform_python_implementation == \"CPython\"", "brotlicffi (>=0.8.0) ; platform_python_implementation != \"CPython\""]
h2 = ["h2 (>=4,<5)"]
socks = ["pysocks (>=1.5.6,!=1.5.7,<2.0)"]
zstd = ["zstandard (>=0.18.0)"]

[metadata]
lock-version = "2.1"
python-versions = "^3.12"
content-hash = "acda26f8d68fe5784813447709249059e9e9d8e75221dc52c1a48d9b68edc4ea"
